[[package]]
name = "apscheduler"
version = "3.6.3"
summary = "In-process task scheduler with Cron-like capabilities"
dependencies = [
    "pytz",
    "setuptools>=0.7",
    "six>=1.4.0",
    "tzlocal>=1.2",
]

[[package]]
name = "backports.zoneinfo"
version = "0.2.1"
requires_python = ">=3.6"
summary = "Backport of the standard library zoneinfo module"

[[package]]
name = "cachetools"
version = "4.2.2"
requires_python = "~=3.5"
summary = "Extensible memoizing collections and decorators"

[[package]]
name = "certifi"
version = "2022.9.24"
requires_python = ">=3.6"
summary = "Python package for providing Mozilla's CA Bundle."

[[package]]
name = "charset-normalizer"
version = "2.0.12"
requires_python = ">=3.5.0"
summary = "The Real First Universal Charset Detector. Open, modern and actively maintained alternative to Chardet."

[[package]]
name = "idna"
version = "3.4"
requires_python = ">=3.5"
summary = "Internationalized Domain Names in Applications (IDNA)"

[[package]]
name = "packaging"
version = "21.3"
requires_python = ">=3.6"
summary = "Core utilities for Python packages"
dependencies = [
    "pyparsing!=3.0.5,>=2.0.2",
]

[[package]]
name = "pyparsing"
version = "3.0.9"
requires_python = ">=3.6.8"
summary = "pyparsing module - Classes and methods to define and execute parsing grammars"

[[package]]
name = "python-telegram-bot"
version = "13.14"
requires_python = ">=3.7"
summary = "We have made you a wrapper you can't refuse"
dependencies = [
    "APScheduler==3.6.3",
    "cachetools==4.2.2",
    "certifi",
    "pytz>=2018.6",
    "tornado==6.1",
]

[[package]]
name = "pytz"
version = "2022.5"
summary = "World timezone definitions, modern and historical"

[[package]]
name = "pytz-deprecation-shim"
version = "0.1.0.post0"
requires_python = "!=3.0.*,!=3.1.*,!=3.2.*,!=3.3.*,!=3.4.*,!=3.5.*,>=2.7"
summary = "Shims to make deprecation of pytz easier"
dependencies = [
    "backports.zoneinfo; python_version >= \"3.6\" and python_version < \"3.9\"",
    "tzdata; python_version >= \"3.6\"",
]

[[package]]
name = "remotezip"
version = "0.9.4"
summary = "Access zip file content hosted remotely without downloading the full file."
dependencies = [
    "requests",
    "tabulate",
]

[[package]]
name = "requests"
version = "2.26.0"
requires_python = ">=2.7, !=3.0.*, !=3.1.*, !=3.2.*, !=3.3.*, !=3.4.*, !=3.5.*"
summary = "Python HTTP for Humans."
dependencies = [
    "certifi>=2017.4.17",
    "charset-normalizer~=2.0.0; python_version >= \"3\"",
    "idna<4,>=2.5; python_version >= \"3\"",
    "urllib3<1.27,>=1.21.1",
]

[[package]]
name = "setuptools"
version = "65.5.0"
requires_python = ">=3.7"
summary = "Easily download, build, install, upgrade, and uninstall Python packages"

[[package]]
name = "six"
version = "1.16.0"
requires_python = ">=2.7, !=3.0.*, !=3.1.*, !=3.2.*"
summary = "Python 2 and 3 compatibility utilities"

[[package]]
name = "tabulate"
version = "0.9.0"
requires_python = ">=3.7"
summary = "Pretty-print tabular data"

[[package]]
name = "toml"
version = "0.10.2"
requires_python = ">=2.6, !=3.0.*, !=3.1.*, !=3.2.*"
summary = "Python Library for Tom's Obvious, Minimal Language"

[[package]]
name = "tornado"
version = "6.1"
requires_python = ">= 3.5"
summary = "Tornado is a Python web framework and asynchronous networking library, originally developed at FriendFeed."

[[package]]
name = "tzdata"
version = "2022.5"
requires_python = ">=2"
summary = "Provider of IANA time zone data"

[[package]]
name = "tzlocal"
version = "4.2"
requires_python = ">=3.6"
summary = "tzinfo object for the local timezone"
dependencies = [
    "backports.zoneinfo; python_version < \"3.9\"",
    "pytz-deprecation-shim",
    "tzdata; platform_system == \"Windows\"",
]

[[package]]
name = "urllib3"
version = "1.26.12"
requires_python = ">=2.7, !=3.0.*, !=3.1.*, !=3.2.*, !=3.3.*, !=3.4.*, !=3.5.*, <4"
summary = "HTTP library with thread-safe connection pooling, file post, and more."

[metadata]
lock_version = "4.0"
content_hash = "sha256:5440b7fe987915266505bdd08f7d1b670d70f8ae613e478c8ff874efe7f1c409"

[metadata.files]
"apscheduler 3.6.3" = [
    {url = "https://files.pythonhosted.org/packages/89/3d/f65972547c5aa533276ada2bea3c2ef51bb4c4de55b67a66129c111b89ad/APScheduler-3.6.3.tar.gz", hash = "sha256:3bb5229eed6fbbdafc13ce962712ae66e175aa214c69bed35a06bffcf0c5e244"},
    {url = "https://files.pythonhosted.org/packages/f3/34/9ef20ed473c4fd2c3df54ef77a27ae3fc7500b16b192add4720cab8b2c09/APScheduler-3.6.3-py2.py3-none-any.whl", hash = "sha256:e8b1ecdb4c7cb2818913f766d5898183c7cb8936680710a4d3a966e02262e526"},
]
"backports.zoneinfo 0.2.1" = [
    {url = "https://files.pythonhosted.org/packages/1a/ab/3e941e3fcf1b7d3ab3d0233194d99d6a0ed6b24f8f956fc81e47edc8c079/backports.zoneinfo-0.2.1-cp38-cp38-manylinux1_x86_64.whl", hash = "sha256:7b0a64cda4145548fed9efc10322770f929b944ce5cee6c0dfe0c87bf4c0c8c9"},
    {url = "https://files.pythonhosted.org/packages/1c/96/baaca3ad1b06d97138d42a225e4d4d27cd1586b646740f771706cd2d812c/backports.zoneinfo-0.2.1-cp37-cp37m-win32.whl", hash = "sha256:e55b384612d93be96506932a786bbcde5a2db7a9e6a4bb4bffe8b733f5b9036b"},
    {url = "https://files.pythonhosted.org/packages/28/d5/e2f3d6a52870045afd8c37b2681c47fd0b98679cd4851e349bfd7e19cfd7/backports.zoneinfo-0.2.1-cp36-cp36m-win_amd64.whl", hash = "sha256:8439c030a11780786a2002261569bdf362264f605dfa4d65090b64b05c9f79a7"},
    {url = "https://files.pythonhosted.org/packages/33/1c/9357061860f5d3a09e1877aa4cf7c004c55eec40a1036761144ef24d8a1d/backports.zoneinfo-0.2.1-cp36-cp36m-macosx_10_14_x86_64.whl", hash = "sha256:da6013fd84a690242c310d77ddb8441a559e9cb3d3d59ebac9aca1a57b2e18bc"},
    {url = "https://files.pythonhosted.org/packages/4a/6d/eca004eeadcbf8bd64cc96feb9e355536147f0577420b44d80c7cac70767/backports.zoneinfo-0.2.1-cp38-cp38-macosx_10_14_x86_64.whl", hash = "sha256:8961c0f32cd0336fb8e8ead11a1f8cd99ec07145ec2931122faaac1c8f7fd987"},
    {url = "https://files.pythonhosted.org/packages/4c/7e/ed8af95bed90eeccfb4a4fe6ec424bc7a79e1aa983e54dd1d9062d9fa20b/backports.zoneinfo-0.2.1-cp37-cp37m-manylinux1_x86_64.whl", hash = "sha256:5c144945a7752ca544b4b78c8c41544cdfaf9786f25fe5ffb10e838e19a27570"},
    {url = "https://files.pythonhosted.org/packages/6c/99/513f2c4dd41522eefc42feb86854f6cf3b1add9c175c14d90c070775e484/backports.zoneinfo-0.2.1-cp37-cp37m-win_amd64.whl", hash = "sha256:a76b38c52400b762e48131494ba26be363491ac4f9a04c1b7e92483d169f6582"},
    {url = "https://files.pythonhosted.org/packages/74/a1/323f86a5ca5a559d452affb879512365a0473529398bfcf2d712a40ae088/backports.zoneinfo-0.2.1-cp37-cp37m-macosx_10_14_x86_64.whl", hash = "sha256:f04e857b59d9d1ccc39ce2da1021d196e47234873820cbeaad210724b1ee28ac"},
    {url = "https://files.pythonhosted.org/packages/78/cc/e27fd6493bbce8dbea7e6c1bc861fe3d3bc22c4f7c81f4c3befb8ff5bfaf/backports.zoneinfo-0.2.1-cp38-cp38-win_amd64.whl", hash = "sha256:4a0f800587060bf8880f954dbef70de6c11bbe59c673c3d818921f042f9954a6"},
    {url = "https://files.pythonhosted.org/packages/ad/85/475e514c3140937cf435954f78dedea1861aeab7662d11de232bdaa90655/backports.zoneinfo-0.2.1.tar.gz", hash = "sha256:fadbfe37f74051d024037f223b8e001611eac868b5c5b06144ef4d8b799862f2"},
    {url = "https://files.pythonhosted.org/packages/c0/34/5fdb0a3a28841d215c255be8fc60b8666257bb6632193c86fd04b63d4a31/backports.zoneinfo-0.2.1-cp38-cp38-win32.whl", hash = "sha256:1b13e654a55cd45672cb54ed12148cd33628f672548f373963b0bff67b217328"},
    {url = "https://files.pythonhosted.org/packages/c1/8f/9b1b920a6a95652463143943fa3b8c000cb0b932ab463764a6f2a2416560/backports.zoneinfo-0.2.1-cp38-cp38-manylinux1_i686.whl", hash = "sha256:e81b76cace8eda1fca50e345242ba977f9be6ae3945af8d46326d776b4cf78d1"},
    {url = "https://files.pythonhosted.org/packages/d1/04/8f2fed9c0cb9c88442fc8d6372cb0f5738fb05a65b45e2d371fbc8a15087/backports.zoneinfo-0.2.1-cp37-cp37m-manylinux1_i686.whl", hash = "sha256:17746bd546106fa389c51dbea67c8b7c8f0d14b5526a579ca6ccf5ed72c526cf"},
    {url = "https://files.pythonhosted.org/packages/d4/79/249bd3c4f794741f04f1e0ff33ad3cca9b2d1f4299b73f78d0d9bc9ec8dc/backports.zoneinfo-0.2.1-cp36-cp36m-win32.whl", hash = "sha256:e8236383a20872c0cdf5a62b554b27538db7fa1bbec52429d8d106effbaeca08"},
    {url = "https://files.pythonhosted.org/packages/ef/9a/8de8f379d5b3961a517762cc051b366de3f7d4d3a2250120e7a71e25fab4/backports.zoneinfo-0.2.1-cp36-cp36m-manylinux1_i686.whl", hash = "sha256:89a48c0d158a3cc3f654da4c2de1ceba85263fafb861b98b59040a5086259722"},
    {url = "https://files.pythonhosted.org/packages/f9/04/33e910faffe91a5680d68a064162525779259ae5de3b0c0c5bd9c4e900e0/backports.zoneinfo-0.2.1-cp36-cp36m-manylinux1_x86_64.whl", hash = "sha256:1c5742112073a563c81f786e77514969acb58649bcdf6cdf0b4ed31a348d4546"},
]
"cachetools 4.2.2" = [
    {url = "https://files.pythonhosted.org/packages/52/ba/619250fa6bc11ce6aa4de0604d45843090a53cd7d10d7253b89669313370/cachetools-4.2.2.tar.gz", hash = "sha256:61b5ed1e22a0924aed1d23b478f37e8d52549ff8a961de2909c69bf950020cff"},
    {url = "https://files.pythonhosted.org/packages/bf/28/c4f5796c67ad06bb91d98d543a5e01805c1ff065e08871f78e52d2a331ad/cachetools-4.2.2-py3-none-any.whl", hash = "sha256:2cc0b89715337ab6dbba85b5b50effe2b0c74e035d83ee8ed637cf52f12ae001"},
]
"certifi 2022.9.24" = [
    {url = "https://files.pythonhosted.org/packages/1d/38/fa96a426e0c0e68aabc68e896584b83ad1eec779265a028e156ce509630e/certifi-2022.9.24-py3-none-any.whl", hash = "sha256:90c1a32f1d68f940488354e36370f6cca89f0f106db09518524c88d6ed83f382"},
    {url = "https://files.pythonhosted.org/packages/cb/a4/7de7cd59e429bd0ee6521ba58a75adaec136d32f91a761b28a11d8088d44/certifi-2022.9.24.tar.gz", hash = "sha256:0d9c601124e5a6ba9712dbc60d9c53c21e34f5f641fe83002317394311bdce14"},
]
"charset-normalizer 2.0.12" = [
    {url = "https://files.pythonhosted.org/packages/06/b3/24afc8868eba069a7f03650ac750a778862dc34941a4bebeb58706715726/charset_normalizer-2.0.12-py3-none-any.whl", hash = "sha256:6881edbebdb17b39b4eaaa821b438bf6eddffb4468cf344f09f89def34a8b1df"},
    {url = "https://files.pythonhosted.org/packages/56/31/7bcaf657fafb3c6db8c787a865434290b726653c912085fbd371e9b92e1c/charset-normalizer-2.0.12.tar.gz", hash = "sha256:2857e29ff0d34db842cd7ca3230549d1a697f96ee6d3fb071cfa6c7393832597"},
]
"idna 3.4" = [
    {url = "https://files.pythonhosted.org/packages/8b/e1/43beb3d38dba6cb420cefa297822eac205a277ab43e5ba5d5c46faf96438/idna-3.4.tar.gz", hash = "sha256:814f528e8dead7d329833b91c5faa87d60bf71824cd12a7530b5526063d02cb4"},
    {url = "https://files.pythonhosted.org/packages/fc/34/3030de6f1370931b9dbb4dad48f6ab1015ab1d32447850b9fc94e60097be/idna-3.4-py3-none-any.whl", hash = "sha256:90b77e79eaa3eba6de819a0c442c0b4ceefc341a7a2ab77d7562bf49f425c5c2"},
]
"packaging 21.3" = [
    {url = "https://files.pythonhosted.org/packages/05/8e/8de486cbd03baba4deef4142bd643a3e7bbe954a784dc1bb17142572d127/packaging-21.3-py3-none-any.whl", hash = "sha256:ef103e05f519cdc783ae24ea4e2e0f508a9c99b2d4969652eed6a2e1ea5bd522"},
    {url = "https://files.pythonhosted.org/packages/df/9e/d1a7217f69310c1db8fdf8ab396229f55a699ce34a203691794c5d1cad0c/packaging-21.3.tar.gz", hash = "sha256:dd47c42927d89ab911e606518907cc2d3a1f38bbd026385970643f9c5b8ecfeb"},
]
"pyparsing 3.0.9" = [
    {url = "https://files.pythonhosted.org/packages/6c/10/a7d0fa5baea8fe7b50f448ab742f26f52b80bfca85ac2be9d35cdd9a3246/pyparsing-3.0.9-py3-none-any.whl", hash = "sha256:5026bae9a10eeaefb61dab2f09052b9f4307d44aee4eda64b309723d8d206bbc"},
    {url = "https://files.pythonhosted.org/packages/71/22/207523d16464c40a0310d2d4d8926daffa00ac1f5b1576170a32db749636/pyparsing-3.0.9.tar.gz", hash = "sha256:2b020ecf7d21b687f219b71ecad3631f644a47f01403fa1d1036b0c6416d70fb"},
]
"python-telegram-bot 13.14" = [
    {url = "https://files.pythonhosted.org/packages/4c/b1/748afa9e63427c8986b69a8dbbb75281c626191125b73826713092b30f3c/python_telegram_bot-13.14-py3-none-any.whl", hash = "sha256:79abc66355af2310bbaaf7f41746230b996434e287f21f27070c92978dc0964f"},
    {url = "https://files.pythonhosted.org/packages/7b/8a/b9d8cbeee87e0d98e23081b755253b59ab8fa7b3ef7bef6f111a82d20c81/python-telegram-bot-13.14.tar.gz", hash = "sha256:e9391d43eb1123de2677a9d24ea878a9d5327d65b2419afba653f476d26aecc3"},
]
"pytz 2022.5" = [
    {url = "https://files.pythonhosted.org/packages/b5/d7/91fd8911d22e7fac794803095dd192bf1ebd70c7603272085230d915e738/pytz-2022.5-py2.py3-none-any.whl", hash = "sha256:335ab46900b1465e714b4fda4963d87363264eb662aab5e65da039c25f1f5b22"},
    {url = "https://files.pythonhosted.org/packages/fe/dd/182cc5ed8e64a0d6d6c34fd27391041d542270000825410d294bd6902207/pytz-2022.5.tar.gz", hash = "sha256:c4d88f472f54d615e9cd582a5004d1e5f624854a6a27a6211591c251f22a6914"},
]
"pytz-deprecation-shim 0.1.0.post0" = [
    {url = "https://files.pythonhosted.org/packages/94/f0/909f94fea74759654390a3e1a9e4e185b6cd9aa810e533e3586f39da3097/pytz_deprecation_shim-0.1.0.post0.tar.gz", hash = "sha256:af097bae1b616dde5c5744441e2ddc69e74dfdcb0c263129610d85b87445a59d"},
    {url = "https://files.pythonhosted.org/packages/eb/73/3eaab547ca809754e67e06871cff0fc962bafd4b604e15f31896a0f94431/pytz_deprecation_shim-0.1.0.post0-py2.py3-none-any.whl", hash = "sha256:8314c9692a636c8eb3bda879b9f119e350e93223ae83e70e80c31675a0fdc1a6"},
]
"remotezip 0.9.4" = [
    {url = "https://files.pythonhosted.org/packages/a3/45/6490542f5932ef1318f6e8d68460a37bda5fd8d2bd080837312074ff3aa4/remotezip-0.9.4.tar.gz", hash = "sha256:8bed7d1fd3f096c15e480d05492d84537ac401b473ba109e0b30611452ac8e57"},
]
"requests 2.26.0" = [
    {url = "https://files.pythonhosted.org/packages/92/96/144f70b972a9c0eabbd4391ef93ccd49d0f2747f4f6a2a2738e99e5adc65/requests-2.26.0-py2.py3-none-any.whl", hash = "sha256:6c1246513ecd5ecd4528a0906f910e8f0f9c6b8ec72030dc9fd154dc1a6efd24"},
    {url = "https://files.pythonhosted.org/packages/e7/01/3569e0b535fb2e4a6c384bdbed00c55b9d78b5084e0fb7f4d0bf523d7670/requests-2.26.0.tar.gz", hash = "sha256:b8aa58f8cf793ffd8782d3d8cb19e66ef36f7aba4353eec859e74678b01b07a7"},
]
"setuptools 65.5.0" = [
    {url = "https://files.pythonhosted.org/packages/41/82/7f54bbfe5c247a8c9f78d8d1d7c051847bcb78843c397b866dba335c1e88/setuptools-65.5.0-py3-none-any.whl", hash = "sha256:f62ea9da9ed6289bfe868cd6845968a2c854d1427f8548d52cae02a42b4f0356"},
    {url = "https://files.pythonhosted.org/packages/c5/41/247814d8b7a044717164c74080725a6c8f3d2b5fc82b34bd825b617df663/setuptools-65.5.0.tar.gz", hash = "sha256:512e5536220e38146176efb833d4a62aa726b7bbff82cfbc8ba9eaa3996e0b17"},
]
"six 1.16.0" = [
    {url = "https://files.pythonhosted.org/packages/71/39/171f1c67cd00715f190ba0b100d606d440a28c93c7714febeca8b79af85e/six-1.16.0.tar.gz", hash = "sha256:1e61c37477a1626458e36f7b1d82aa5c9b094fa4802892072e49de9c60c4c926"},
    {url = "https://files.pythonhosted.org/packages/d9/5a/e7c31adbe875f2abbb91bd84cf2dc52d792b5a01506781dbcf25c91daf11/six-1.16.0-py2.py3-none-any.whl", hash = "sha256:8abb2f1d86890a2dfb989f9a77cfcfd3e47c2a354b01111771326f8aa26e0254"},
]
"tabulate 0.9.0" = [
    {url = "https://files.pythonhosted.org/packages/40/44/4a5f08c96eb108af5cb50b41f76142f0afa346dfa99d5296fe7202a11854/tabulate-0.9.0-py3-none-any.whl", hash = "sha256:024ca478df22e9340661486f85298cff5f6dcdba14f3813e8830015b9ed1948f"},
    {url = "https://files.pythonhosted.org/packages/ec/fe/802052aecb21e3797b8f7902564ab6ea0d60ff8ca23952079064155d1ae1/tabulate-0.9.0.tar.gz", hash = "sha256:0095b12bf5966de529c0feb1fa08671671b3368eec77d7ef7ab114be2c068b3c"},
]
"toml 0.10.2" = [
    {url = "https://files.pythonhosted.org/packages/44/6f/7120676b6d73228c96e17f1f794d8ab046fc910d781c8d151120c3f1569e/toml-0.10.2-py2.py3-none-any.whl", hash = "sha256:806143ae5bfb6a3c6e736a764057db0e6a0e05e338b5630894a5f779cabb4f9b"},
    {url = "https://files.pythonhosted.org/packages/be/ba/1f744cdc819428fc6b5084ec34d9b30660f6f9daaf70eead706e3203ec3c/toml-0.10.2.tar.gz", hash = "sha256:b3bda1d108d5dd99f4a20d24d9c348e91c4db7ab1b749200bded2f839ccbe68f"},
]
"tornado 6.1" = [
    {url = "https://files.pythonhosted.org/packages/00/22/cf57088b1b3ef17cb7eeddb256269c4309fc5a3fdb3a2b0ad535ed87c251/tornado-6.1-cp39-cp39-manylinux2010_i686.whl", hash = "sha256:e0791ac58d91ac58f694d8d2957884df8e4e2f6687cdf367ef7eb7497f79eaa2"},
    {url = "https://files.pythonhosted.org/packages/01/d1/8750ad20cbcefb499bb8b405e243f83c2c89f78d139e6f8c8d800640f554/tornado-6.1-cp36-cp36m-manylinux1_x86_64.whl", hash = "sha256:e385b637ac3acaae8022e7e47dfa7b83d3620e432e3ecb9a3f7f58f150e50921"},
    {url = "https://files.pythonhosted.org/packages/07/7c/0e9e8831985ac2125d9ccf905dfeab407cebc998e91b99135ae151eb2982/tornado-6.1-cp36-cp36m-win_amd64.whl", hash = "sha256:cc0ee35043162abbf717b7df924597ade8e5395e7b66d18270116f8745ceb795"},
    {url = "https://files.pythonhosted.org/packages/0a/5a/237c167867ae2372f0ae8efe3970ee6cb8ed7aadd74e1fc923ccd8cac10a/tornado-6.1-cp38-cp38-manylinux1_x86_64.whl", hash = "sha256:fba85b6cd9c39be262fcd23865652920832b61583de2a2ca907dbd8e8a8c81e5"},
    {url = "https://files.pythonhosted.org/packages/0c/42/b192c6b43b8f78538d01d47ae84511867313ca34dedf3b665929f4dffb88/tornado-6.1-cp37-cp37m-manylinux2010_i686.whl", hash = "sha256:70dec29e8ac485dbf57481baee40781c63e381bebea080991893cd297742b8fd"},
    {url = "https://files.pythonhosted.org/packages/13/3b/817e081ae704bd67a9e23243a6773811b97ebebe9a56faca397d853f5013/tornado-6.1-cp35-cp35m-manylinux1_x86_64.whl", hash = "sha256:9de9e5188a782be6b1ce866e8a51bc76a0fbaa0e16613823fc38e4fc2556ad05"},
    {url = "https://files.pythonhosted.org/packages/13/63/5739fc2538f1c1c6dc05ff31e06e336623d010bf28d19957c3c34d60b201/tornado-6.1-cp35-cp35m-manylinux2010_x86_64.whl", hash = "sha256:3e63498f680547ed24d2c71e6497f24bca791aca2fe116dbc2bd0ac7f191691b"},
    {url = "https://files.pythonhosted.org/packages/19/ce/7e08c33877532c1b7ff772d740434d4d26a30a6e6623649378484b2b95ec/tornado-6.1-cp35-cp35m-manylinux1_i686.whl", hash = "sha256:0d321a39c36e5f2c4ff12b4ed58d41390460f798422c4504e09eb5678e09998c"},
    {url = "https://files.pythonhosted.org/packages/27/27/95912ec1ecbd5f3cc1ce76a8d62cb63d62ebee575acf02116814d42ea5eb/tornado-6.1-cp37-cp37m-manylinux2014_aarch64.whl", hash = "sha256:3447475585bae2e77ecb832fc0300c3695516a47d46cefa0528181a34c5b9d3d"},
    {url = "https://files.pythonhosted.org/packages/2f/2d/4050006dd16f1cc4b8f3a83437b768dc849def37508aaf59b42a8a5907e4/tornado-6.1-cp39-cp39-win_amd64.whl", hash = "sha256:548430be2740e327b3fe0201abe471f314741efcb0067ec4f2d7dcfb4825f3e4"},
    {url = "https://files.pythonhosted.org/packages/30/a7/b8b5a52ebc7a4b8b539a7f7259346c78a03da6b39c618c3ef1da7358377f/tornado-6.1-cp38-cp38-macosx_10_9_x86_64.whl", hash = "sha256:20241b3cb4f425e971cb0a8e4ffc9b0a861530ae3c52f2b0434e6c1b57e9fd95"},
    {url = "https://files.pythonhosted.org/packages/33/6a/94ca5763b12a0fb784131d5d29ab9ebdc220d4050211ecad662393177840/tornado-6.1-cp39-cp39-manylinux1_i686.whl", hash = "sha256:33892118b165401f291070100d6d09359ca74addda679b60390b09f8ef325ffe"},
    {url = "https://files.pythonhosted.org/packages/3b/2c/ed45ff2774a451cea99d022b30267fd2122e253ab70a49d3cc5ee84c6176/tornado-6.1-cp35-cp35m-manylinux2010_i686.whl", hash = "sha256:61b32d06ae8a036a6607805e6720ef00a3c98207038444ba7fd3d169cd998910"},
    {url = "https://files.pythonhosted.org/packages/47/2d/760ccb79af1782cead15beb9861716362f08160fb4a33871a76a78e88c90/tornado-6.1-cp37-cp37m-manylinux1_i686.whl", hash = "sha256:ed3ad863b1b40cd1d4bd21e7498329ccaece75db5a5bf58cd3c9f130843e7102"},
    {url = "https://files.pythonhosted.org/packages/49/47/dd6ba18fce97a801632245479580e8e5081e629518caf4a82b6ff6607f40/tornado-6.1-cp39-cp39-win32.whl", hash = "sha256:d3d20ea5782ba63ed13bc2b8c291a053c8d807a8fa927d941bd718468f7b950c"},
    {url = "https://files.pythonhosted.org/packages/59/26/bf4d718a74ec80ad44cd1b681d60afee05b46c1085a402c459db897ec9c4/tornado-6.1-cp36-cp36m-macosx_10_9_x86_64.whl", hash = "sha256:0a00ff4561e2929a2c37ce706cb8233b7907e0cdc22eab98888aca5dd3775feb"},
    {url = "https://files.pythonhosted.org/packages/5d/ec/e1d6725557800974d8097c727ca5a393e246f299e305d8bc5f3f581e80ff/tornado-6.1-cp35-cp35m-manylinux2014_aarch64.whl", hash = "sha256:6c77c9937962577a6a76917845d06af6ab9197702a42e1346d8ae2e76b5e3675"},
    {url = "https://files.pythonhosted.org/packages/6c/e6/5d8f1d35344f886e8e02efb942d33e1f57e76f468166e787087bf903fc4c/tornado-6.1-cp35-cp35m-macosx_10_9_x86_64.whl", hash = "sha256:d371e811d6b156d82aa5f9a4e08b58debf97c302a35714f6f45e35139c332e32"},
    {url = "https://files.pythonhosted.org/packages/70/bb/1f3726d36c3f6a78304c7dc0ac6ca20739eaaf55d332b39f4715e048c48d/tornado-6.1-cp39-cp39-manylinux2014_aarch64.whl", hash = "sha256:a48900ecea1cbb71b8c71c620dee15b62f85f7c14189bdeee54966fbd9a0c5bd"},
    {url = "https://files.pythonhosted.org/packages/77/51/2cddb43ba81a70bf2c0889870b3256bfe321a2860bf333bdb78a4ff006b0/tornado-6.1-cp37-cp37m-win32.whl", hash = "sha256:e7229e60ac41a1202444497ddde70a48d33909e484f96eb0da9baf8dc68541df"},
    {url = "https://files.pythonhosted.org/packages/77/c5/0c05829bfd2b84f62694c87a1a7f6fdc0522974de3bad0cf23bc5e282b6b/tornado-6.1-cp36-cp36m-manylinux2014_aarch64.whl", hash = "sha256:e519d64089b0876c7b467274468709dadf11e41d65f63bba207e04217f47c085"},
    {url = "https://files.pythonhosted.org/packages/7a/4a/4fafa6f032f9e202ce5bc1becacef5588a34fd0f0539fdcc705fa2b5ca4a/tornado-6.1-cp38-cp38-manylinux2010_x86_64.whl", hash = "sha256:d14d30e7f46a0476efb0deb5b61343b1526f73ebb5ed84f23dc794bdb88f9d9f"},
    {url = "https://files.pythonhosted.org/packages/7e/e6/45a6964f1fe497a2ff436e6d666264cd3da26f11be9c691ab3ce6fa3882c/tornado-6.1-cp36-cp36m-manylinux1_i686.whl", hash = "sha256:748290bf9112b581c525e6e6d3820621ff020ed95af6f17fedef416b27ed564c"},
    {url = "https://files.pythonhosted.org/packages/85/26/e710295dcb4aac62b08f22d07efc899574476db37532159a7f71713cdaf2/tornado-6.1-cp36-cp36m-manylinux2010_x86_64.whl", hash = "sha256:65d98939f1a2e74b58839f8c4dab3b6b3c1ce84972ae712be02845e65391ac7c"},
    {url = "https://files.pythonhosted.org/packages/89/4c/61934fdba7ed7d86db23a5b67908540ae33b198e0246fa8dbc4653a64420/tornado-6.1-cp35-cp35m-win32.whl", hash = "sha256:6286efab1ed6e74b7028327365cf7346b1d777d63ab30e21a0f4d5b275fc17d5"},
    {url = "https://files.pythonhosted.org/packages/91/a8/9c5902233fa3c2e6a889cbd164333ddda5009669f494e3fadbeee2c03af5/tornado-6.1-cp37-cp37m-manylinux2010_x86_64.whl", hash = "sha256:d3f7594930c423fd9f5d1a76bee85a2c36fd8b4b16921cae7e965f22575e9c01"},
    {url = "https://files.pythonhosted.org/packages/92/5d/e5bdcce6332acde3879ed4e1daeea70b24f7229c634ed11c605b4174bfba/tornado-6.1-cp36-cp36m-manylinux2010_i686.whl", hash = "sha256:25ad220258349a12ae87ede08a7b04aca51237721f63b1808d39bdb4b2164558"},
    {url = "https://files.pythonhosted.org/packages/94/7b/08b0411898512b0f2b9d4f2c2a53749e7396176bdcf0a92812353d015420/tornado-6.1-cp37-cp37m-macosx_10_9_x86_64.whl", hash = "sha256:7250a3fa399f08ec9cb3f7b1b987955d17e044f1ade821b32e5f435130250d7f"},
    {url = "https://files.pythonhosted.org/packages/98/e1/ea4aa33216212beec8a20d134a3020648991a35f5d3b68a238654664b872/tornado-6.1-cp39-cp39-macosx_10_9_x86_64.whl", hash = "sha256:f0ba29bafd8e7e22920567ce0d232c26d4d47c8b5cf4ed7b562b5db39fa199c5"},
    {url = "https://files.pythonhosted.org/packages/a0/63/a0f7d51ae4cbcc943f3f008cf1c55c91cef2500f06d7a68a43a5b28d05f1/tornado-6.1-cp38-cp38-manylinux1_i686.whl", hash = "sha256:c77da1263aa361938476f04c4b6c8916001b90b2c2fdd92d8d535e1af48fba5a"},
    {url = "https://files.pythonhosted.org/packages/bf/fa/2befee379094720b54065daa9c6117f3edb7d35f86cde0f50b3a28ecfadf/tornado-6.1-cp37-cp37m-manylinux1_x86_64.whl", hash = "sha256:dcef026f608f678c118779cd6591c8af6e9b4155c44e0d1bc0c87c036fb8c8c4"},
    {url = "https://files.pythonhosted.org/packages/c4/b8/b2091d26482993f925d098b451ab5217a4565c56be4db2b67de6cf4921e4/tornado-6.1-cp39-cp39-manylinux2010_x86_64.whl", hash = "sha256:66324e4e1beede9ac79e60f88de548da58b1f8ab4b2f1354d8375774f997e6c0"},
    {url = "https://files.pythonhosted.org/packages/c7/c2/ff4628a08df5ce2662109957275718888d7ab6787591fa0decfd327bd2ce/tornado-6.1-cp37-cp37m-win_amd64.whl", hash = "sha256:cb5ec8eead331e3bb4ce8066cf06d2dfef1bfb1b2a73082dfe8a161301b76e37"},
    {url = "https://files.pythonhosted.org/packages/cf/44/cc9590db23758ee7906d40cacff06c02a21c2a6166602e095a56cbf2f6f6/tornado-6.1.tar.gz", hash = "sha256:33c6e81d7bd55b468d2e793517c909b139960b6c790a60b7991b9b6b76fb9791"},
    {url = "https://files.pythonhosted.org/packages/d0/18/093e7a00602494c39ce90b4c99236e5bb834b574ba4addce76c16ec9caa8/tornado-6.1-cp38-cp38-manylinux2014_aarch64.whl", hash = "sha256:8f959b26f2634a091bb42241c3ed8d3cedb506e7c27b8dd5c7b9f745318ddbb6"},
    {url = "https://files.pythonhosted.org/packages/d2/e8/4f2e21932ab9bcf5f5a321c8265862dd4413aa09bcb3e367e5481ef54934/tornado-6.1-cp38-cp38-win32.whl", hash = "sha256:34ca2dac9e4d7afb0bed4677512e36a52f09caa6fded70b4e3e1c89dbd92c326"},
    {url = "https://files.pythonhosted.org/packages/e6/87/85dd201ec23c23b24e5cd121ec99efb9c4ef3456633bf5763d8055ba05be/tornado-6.1-cp36-cp36m-win32.whl", hash = "sha256:b87936fd2c317b6ee08a5741ea06b9d11a6074ef4cc42e031bc6403f82a32575"},
    {url = "https://files.pythonhosted.org/packages/e8/bf/7f7ec1c3973d0b012f9674f826136005ad7df560f8f31f2dc3cd02ae73f5/tornado-6.1-cp38-cp38-win_amd64.whl", hash = "sha256:6196a5c39286cc37c024cd78834fb9345e464525d8991c21e908cc046d1cc02c"},
    {url = "https://files.pythonhosted.org/packages/ec/fa/3cb9641a2dc02343da30892c07b1ba34dfae4b7d67574007cc3917775d9e/tornado-6.1-cp35-cp35m-win_amd64.whl", hash = "sha256:fa2ba70284fa42c2a5ecb35e322e68823288a4251f9ba9cc77be04ae15eada68"},
    {url = "https://files.pythonhosted.org/packages/fe/fb/d6b0e65941923a4735e6fea87831d12d692fbbba7baf9fc6c80c91209293/tornado-6.1-cp38-cp38-manylinux2010_i686.whl", hash = "sha256:1e8225a1070cd8eec59a996c43229fe8f95689cb16e552d130b9793cb570a288"},
    {url = "https://files.pythonhosted.org/packages/ff/75/c2d09f2e25834417f234cbd5b442b2bb8d6ef01009fe5936f24cc1ef66bb/tornado-6.1-cp39-cp39-manylinux1_x86_64.whl", hash = "sha256:7da13da6f985aab7f6f28debab00c67ff9cbacd588e8477034c0652ac141feea"},
]
"tzdata 2022.5" = [
    {url = "https://files.pythonhosted.org/packages/95/91/5df9da4fd97126743d3c27442fbd0978cc2323b4ff512dee22a2ec83fbc2/tzdata-2022.5.tar.gz", hash = "sha256:e15b2b3005e2546108af42a0eb4ccab4d9e225e2dfbf4f77aad50c70a4b1f3ab"},
    {url = "https://files.pythonhosted.org/packages/d5/90/80d787eab0971e22903c8b89cff7891b21adef174aa6434d1a04f9b5ba35/tzdata-2022.5-py2.py3-none-any.whl", hash = "sha256:323161b22b7802fdc78f20ca5f6073639c64f1a7227c40cd3e19fd1d0ce6650a"},
]
"tzlocal 4.2" = [
    {url = "https://files.pythonhosted.org/packages/31/b7/3bc2c1868f27677139b772e4fde95265b93151912fd90eb874827943bfcf/tzlocal-4.2-py3-none-any.whl", hash = "sha256:89885494684c929d9191c57aa27502afc87a579be5cdd3225c77c463ea043745"},
    {url = "https://files.pythonhosted.org/packages/7d/b9/164d5f510e0547ae92280d0ca4a90407a15625901afbb9f57a19d9acd9eb/tzlocal-4.2.tar.gz", hash = "sha256:ee5842fa3a795f023514ac2d801c4a81d1743bbe642e3940143326b3a00addd7"},
]
"urllib3 1.26.12" = [
    {url = "https://files.pythonhosted.org/packages/6f/de/5be2e3eed8426f871b170663333a0f627fc2924cc386cd41be065e7ea870/urllib3-1.26.12-py2.py3-none-any.whl", hash = "sha256:b930dd878d5a8afb066a637fbb35144fe7901e3b209d1cd4f524bd0e9deee997"},
    {url = "https://files.pythonhosted.org/packages/b2/56/d87d6d3c4121c0bcec116919350ca05dc3afd2eeb7dc88d07e8083f8ea94/urllib3-1.26.12.tar.gz", hash = "sha256:3fa96cf423e6987997fc326ae8df396db2a8b7c667747d47ddd8ecba91f4a74e"},
]
